
Microsoft Visual Studio Solution File, Format Version 12.00
# Visual Studio 14
VisualStudioVersion = 14.0.24720.0
MinimumVisualStudioVersion = 10.0.40219.1
Project("{FAE04EC0-301F-11D3-BF4B-00C04F79EFBC}") = "TypeUtils", "TypeUtils.csproj", "{01DD1923-B68A-4759-AE08-91A94E962519}"
EndProject
Project("{FAE04EC0-301F-11D3-BF4B-00C04F79EFBC}") = "TypeUtilsTest", "TypeUtilsTest\TypeUtilsTest.csproj", "{C8BF327D-7006-4405-BE10-818E07EAE6FC}"
EndProject
Global
	GlobalSection(SolutionConfigurationPlatforms) = preSolution
		Debug|Any CPU = Debug|Any CPU
		Release|Any CPU = Release|Any CPU
	EndGlobalSection
	GlobalSection(ProjectConfigurationPlatforms) = postSolution
		{01DD1923-B68A-4759-AE08-91A94E962519}.Debug|Any CPU.ActiveCfg = Debug|Any CPU
		{01DD1923-B68A-4759-AE08-91A94E962519}.Debug|Any CPU.Build.0 = Debug|Any CPU
		{01DD1923-B68A-4759-AE08-91A94E962519}.Release|Any CPU.ActiveCfg = Release|Any CPU
		{01DD1923-B68A-4759-AE08-91A94E962519}.Release|Any CPU.Build.0 = Release|Any CPU
		{C8BF327D-7006-4405-BE10-818E07EAE6FC}.Debug|Any CPU.ActiveCfg = Debug|Any CPU
		{C8BF327D-7006-4405-BE10-818E07EAE6FC}.Debug|Any CPU.Build.0 = Debug|Any CPU
		{C8BF327D-7006-4405-BE10-818E07EAE6FC}.Release|Any CPU.ActiveCfg = Release|Any CPU
		{C8BF327D-7006-4405-BE10-818E07EAE6FC}.Release|Any CPU.Build.0 = Release|Any CPU
	EndGlobalSection
	GlobalSection(SolutionProperties) = preSolution
		HideSolutionNode = FALSE
	EndGlobalSection
EndGlobal
